<?xml version="1.0" encoding="utf-8"?>
<Project ToolsVersion="4.0" xmlns="http://schemas.microsoft.com/developer/msbuild/2003">
  <ItemGroup>
    <FxCompile Include="$(MSBuildThisFileDirectory)Wave.hlsl" />
  </ItemGroup>
  <ItemGroup>
    <ClCompile Include="$(MSBuildThisFileDirectory)D3DApp.cpp" />
    <ClCompile Include="$(MSBuildThisFileDirectory)Player.cpp">
      <Filter>Player</Filter>
    </ClCompile>
    <ClCompile Include="$(MSBuildThisFileDirectory)Block.cpp">
      <Filter>Object</Filter>
    </ClCompile>
    <ClCompile Include="$(MSBuildThisFileDirectory)Buoy.cpp">
      <Filter>Object</Filter>
    </ClCompile>
    <ClCompile Include="$(MSBuildThisFileDirectory)FloatCircle.cpp">
      <Filter>Object</Filter>
    </ClCompile>
    <ClCompile Include="$(MSBuildThisFileDirectory)Gate.cpp">
      <Filter>Object</Filter>
    </ClCompile>
    <ClCompile Include="$(MSBuildThisFileDirectory)Ground.cpp">
      <Filter>Object</Filter>
    </ClCompile>
    <ClCompile Include="$(MSBuildThisFileDirectory)MoveObject.cpp">
      <Filter>Object</Filter>
    </ClCompile>
    <ClCompile Include="$(MSBuildThisFileDirectory)MyGameObject.cpp">
      <Filter>Object</Filter>
    </ClCompile>
    <ClCompile Include="$(MSBuildThisFileDirectory)Pole.cpp">
      <Filter>Object</Filter>
    </ClCompile>
    <ClCompile Include="$(MSBuildThisFileDirectory)Wall.cpp">
      <Filter>Object</Filter>
    </ClCompile>
    <ClCompile Include="$(MSBuildThisFileDirectory)Goal.cpp">
      <Filter>Goal</Filter>
    </ClCompile>
    <ClCompile Include="$(MSBuildThisFileDirectory)MainCamera.cpp">
      <Filter>Camera</Filter>
    </ClCompile>
    <ClCompile Include="$(MSBuildThisFileDirectory)MyCamera.cpp">
      <Filter>Camera</Filter>
    </ClCompile>
    <ClCompile Include="$(MSBuildThisFileDirectory)OpeningCamera.cpp">
      <Filter>Camera</Filter>
    </ClCompile>
    <ClCompile Include="$(MSBuildThisFileDirectory)ProjectBehavior.cpp">
      <Filter>Project</Filter>
    </ClCompile>
    <ClCompile Include="$(MSBuildThisFileDirectory)ProjectShader.cpp">
      <Filter>Project</Filter>
    </ClCompile>
    <ClCompile Include="$(MSBuildThisFileDirectory)GameOverStage.cpp">
      <Filter>Scene Stage\Stage</Filter>
    </ClCompile>
    <ClCompile Include="$(MSBuildThisFileDirectory)GameStage.cpp">
      <Filter>Scene Stage\Stage</Filter>
    </ClCompile>
    <ClCompile Include="$(MSBuildThisFileDirectory)GameStage2.cpp">
      <Filter>Scene Stage\Stage</Filter>
    </ClCompile>
    <ClCompile Include="$(MSBuildThisFileDirectory)SelectStage.cpp">
      <Filter>Scene Stage\Stage</Filter>
    </ClCompile>
    <ClCompile Include="$(MSBuildThisFileDirectory)TitleStage.cpp">
      <Filter>Scene Stage\Stage</Filter>
    </ClCompile>
    <ClCompile Include="$(MSBuildThisFileDirectory)Scene.cpp">
      <Filter>Scene Stage\Scene</Filter>
    </ClCompile>
    <ClCompile Include="$(MSBuildThisFileDirectory)Map.cpp">
      <Filter>MiniMap</Filter>
    </ClCompile>
    <ClCompile Include="$(MSBuildThisFileDirectory)MiniMapActor.cpp">
      <Filter>MiniMap</Filter>
    </ClCompile>
    <ClCompile Include="$(MSBuildThisFileDirectory)MiniMapManager.cpp">
      <Filter>MiniMap</Filter>
    </ClCompile>
    <ClCompile Include="$(MSBuildThisFileDirectory)Skybox.cpp">
      <Filter>SkyBox</Filter>
    </ClCompile>
    <ClCompile Include="$(MSBuildThisFileDirectory)Skybox2.cpp">
      <Filter>SkyBox</Filter>
    </ClCompile>
    <ClCompile Include="$(MSBuildThisFileDirectory)Plane.cpp">
      <Filter>SkyBox</Filter>
    </ClCompile>
    <ClCompile Include="$(MSBuildThisFileDirectory)Sprite.cpp">
      <Filter>Sprite</Filter>
    </ClCompile>
    <ClCompile Include="$(MSBuildThisFileDirectory)Score.cpp">
      <Filter>Score</Filter>
    </ClCompile>
    <ClCompile Include="$(MSBuildThisFileDirectory)ScoreSprite.cpp">
      <Filter>Score</Filter>
    </ClCompile>
    <ClCompile Include="$(MSBuildThisFileDirectory)UITime.cpp">
      <Filter>Sprite</Filter>
    </ClCompile>
    <ClCompile Include="$(MSBuildThisFileDirectory)Deployment.cpp">
      <Filter>MiniMap</Filter>
    </ClCompile>
    <ClCompile Include="$(MSBuildThisFileDirectory)Actor.cpp">
      <Filter>Player</Filter>
    </ClCompile>
    <ClCompile Include="$(MSBuildThisFileDirectory)NPC.cpp">
      <Filter>Charactor</Filter>
    </ClCompile>
    <ClCompile Include="$(MSBuildThisFileDirectory)Character.cpp">
      <Filter>Charactor</Filter>
    </ClCompile>
    <ClCompile Include="$(MSBuildThisFileDirectory)EffectManager.cpp">
      <Filter>Effect</Filter>
    </ClCompile>
    <ClCompile Include="$(MSBuildThisFileDirectory)WinMain.cpp">
      <Filter>Project</Filter>
    </ClCompile>
    <ClCompile Include="$(MSBuildThisFileDirectory)GoalScene.cpp">
      <Filter>Scene Stage\Stage</Filter>
    </ClCompile>
    <ClCompile Include="$(MSBuildThisFileDirectory)NumberSquare.cpp" />
    <ClCompile Include="$(MSBuildThisFileDirectory)Shader.cpp" />
  </ItemGroup>
  <ItemGroup>
    <ClInclude Include="$(MSBuildThisFileDirectory)D3DApp.h" />
    <ClInclude Include="$(MSBuildThisFileDirectory)Player.h">
      <Filter>Player</Filter>
    </ClInclude>
    <ClInclude Include="$(MSBuildThisFileDirectory)Block.h">
      <Filter>Object</Filter>
    </ClInclude>
    <ClInclude Include="$(MSBuildThisFileDirectory)Buoy.h">
      <Filter>Object</Filter>
    </ClInclude>
    <ClInclude Include="$(MSBuildThisFileDirectory)FloatCircle.h">
      <Filter>Object</Filter>
    </ClInclude>
    <ClInclude Include="$(MSBuildThisFileDirectory)Gate.h">
      <Filter>Object</Filter>
    </ClInclude>
    <ClInclude Include="$(MSBuildThisFileDirectory)Ground.h">
      <Filter>Object</Filter>
    </ClInclude>
    <ClInclude Include="$(MSBuildThisFileDirectory)MoveObject.h">
      <Filter>Object</Filter>
    </ClInclude>
    <ClInclude Include="$(MSBuildThisFileDirectory)MyGameObject.h">
      <Filter>Object</Filter>
    </ClInclude>
    <ClInclude Include="$(MSBuildThisFileDirectory)Pole.h">
      <Filter>Object</Filter>
    </ClInclude>
    <ClInclude Include="$(MSBuildThisFileDirectory)Wall.h">
      <Filter>Object</Filter>
    </ClInclude>
    <ClInclude Include="$(MSBuildThisFileDirectory)Goal.h">
      <Filter>Goal</Filter>
    </ClInclude>
    <ClInclude Include="$(MSBuildThisFileDirectory)MainCamera.h">
      <Filter>Camera</Filter>
    </ClInclude>
    <ClInclude Include="$(MSBuildThisFileDirectory)MyCamera.h">
      <Filter>Camera</Filter>
    </ClInclude>
    <ClInclude Include="$(MSBuildThisFileDirectory)OpeningCamera.h">
      <Filter>Camera</Filter>
    </ClInclude>
    <ClInclude Include="$(MSBuildThisFileDirectory)Project.h">
      <Filter>Project</Filter>
    </ClInclude>
    <ClInclude Include="$(MSBuildThisFileDirectory)ProjectBehavior.h">
      <Filter>Project</Filter>
    </ClInclude>
    <ClInclude Include="$(MSBuildThisFileDirectory)ProjectShader.h">
      <Filter>Project</Filter>
    </ClInclude>
    <ClInclude Include="$(MSBuildThisFileDirectory)GameOverStage.h">
      <Filter>Scene Stage\Stage</Filter>
    </ClInclude>
    <ClInclude Include="$(MSBuildThisFileDirectory)GameStage.h">
      <Filter>Scene Stage\Stage</Filter>
    </ClInclude>
    <ClInclude Include="$(MSBuildThisFileDirectory)GameStage2.h">
      <Filter>Scene Stage\Stage</Filter>
    </ClInclude>
    <ClInclude Include="$(MSBuildThisFileDirectory)SelectStage.h">
      <Filter>Scene Stage\Stage</Filter>
    </ClInclude>
    <ClInclude Include="$(MSBuildThisFileDirectory)TitleStage.h">
      <Filter>Scene Stage\Stage</Filter>
    </ClInclude>
    <ClInclude Include="$(MSBuildThisFileDirectory)Scene.h">
      <Filter>Scene Stage\Scene</Filter>
    </ClInclude>
    <ClInclude Include="$(MSBuildThisFileDirectory)Map.h">
      <Filter>MiniMap</Filter>
    </ClInclude>
    <ClInclude Include="$(MSBuildThisFileDirectory)MiniMapActor.h">
      <Filter>MiniMap</Filter>
    </ClInclude>
    <ClInclude Include="$(MSBuildThisFileDirectory)MiniMapManager.h">
      <Filter>MiniMap</Filter>
    </ClInclude>
    <ClInclude Include="$(MSBuildThisFileDirectory)Skybox.h">
      <Filter>SkyBox</Filter>
    </ClInclude>
    <ClInclude Include="$(MSBuildThisFileDirectory)Skybox2.h">
      <Filter>SkyBox</Filter>
    </ClInclude>
    <ClInclude Include="$(MSBuildThisFileDirectory)Plane.h">
      <Filter>SkyBox</Filter>
    </ClInclude>
    <ClInclude Include="$(MSBuildThisFileDirectory)Sprite.h">
      <Filter>Sprite</Filter>
    </ClInclude>
    <ClInclude Include="$(MSBuildThisFileDirectory)Score.h">
      <Filter>Score</Filter>
    </ClInclude>
    <ClInclude Include="$(MSBuildThisFileDirectory)ScoreSprite.h">
      <Filter>Score</Filter>
    </ClInclude>
    <ClInclude Include="$(MSBuildThisFileDirectory)UITime.h">
      <Filter>Sprite</Filter>
    </ClInclude>
    <ClInclude Include="$(MSBuildThisFileDirectory)Deployment.h">
      <Filter>MiniMap</Filter>
    </ClInclude>
    <ClInclude Include="$(MSBuildThisFileDirectory)Actor.h">
      <Filter>Player</Filter>
    </ClInclude>
    <ClInclude Include="$(MSBuildThisFileDirectory)NPC.h">
      <Filter>Charactor</Filter>
    </ClInclude>
    <ClInclude Include="$(MSBuildThisFileDirectory)Character.h">
      <Filter>Charactor</Filter>
    </ClInclude>
    <ClInclude Include="$(MSBuildThisFileDirectory)EffectManager.h">
      <Filter>Effect</Filter>
    </ClInclude>
    <ClInclude Include="$(MSBuildThisFileDirectory)GoalScene.h">
      <Filter>Scene Stage\Stage</Filter>
    </ClInclude>
    <ClInclude Include="$(MSBuildThisFileDirectory)NumberSquare.h" />
    <ClInclude Include="$(MSBuildThisFileDirectory)Shader.h" />
  </ItemGroup>
  <ItemGroup>
    <Filter Include="Player">
      <UniqueIdentifier>{be8bf14a-20ee-4495-b64a-861ce39ba55f}</UniqueIdentifier>
    </Filter>
    <Filter Include="Object">
      <UniqueIdentifier>{f4401943-3524-4db8-95b0-a0598e1e8d48}</UniqueIdentifier>
    </Filter>
    <Filter Include="Goal">
      <UniqueIdentifier>{81012572-2593-4a42-ad9b-16a7571e98d5}</UniqueIdentifier>
    </Filter>
    <Filter Include="Camera">
      <UniqueIdentifier>{df829783-adc7-4b18-9cd4-1190ba62e9b1}</UniqueIdentifier>
    </Filter>
    <Filter Include="Project">
      <UniqueIdentifier>{cfbf30cd-d187-4f42-b564-43c26f4dabdc}</UniqueIdentifier>
    </Filter>
    <Filter Include="MiniMap">
      <UniqueIdentifier>{77f8a0c4-2554-46cf-b914-0965a780774f}</UniqueIdentifier>
    </Filter>
    <Filter Include="SkyBox">
      <UniqueIdentifier>{f5d697c9-dfef-4a8e-af1a-b5c13d2428d8}</UniqueIdentifier>
    </Filter>
    <Filter Include="Sprite">
      <UniqueIdentifier>{075bd503-c912-40ee-8d5c-ed3bfdbf45ae}</UniqueIdentifier>
    </Filter>
    <Filter Include="Score">
      <UniqueIdentifier>{dec0b984-bd4c-4fcd-a751-abed86e28cb1}</UniqueIdentifier>
    </Filter>
    <Filter Include="Charactor">
      <UniqueIdentifier>{be7edf54-463b-4047-8b05-95570da039d1}</UniqueIdentifier>
    </Filter>
    <Filter Include="Effect">
      <UniqueIdentifier>{2fa7f951-feeb-4223-8b69-2338ad8ab672}</UniqueIdentifier>
    </Filter>
    <Filter Include="Scene Stage">
      <UniqueIdentifier>{d2a88b73-01f7-404b-a317-aeb5527f7d38}</UniqueIdentifier>
    </Filter>
    <Filter Include="Scene Stage\Stage">
      <UniqueIdentifier>{86d3453a-85d5-471b-9885-a7a4b8d2c9d5}</UniqueIdentifier>
    </Filter>
    <Filter Include="Scene Stage\Scene">
      <UniqueIdentifier>{0e05076f-a94c-47c8-a116-fe89d41e58f1}</UniqueIdentifier>
    </Filter>
  </ItemGroup>
</Project>